
Microsoft Visual Studio Solution File, Format Version 12.00
# Visual Studio Version 16
VisualStudioVersion = 16.0.30225.117
MinimumVisualStudioVersion = 10.0.40219.1
Project("{2150E333-8FDC-42A3-9474-1A3956D46DE8}") = "1.Web", "1.Web", "{73DF2249-95F8-4E7D-92B9-4683E01DCD07}"
EndProject
Project("{2150E333-8FDC-42A3-9474-1A3956D46DE8}") = "2.Common", "2.Common", "{ABE54B04-9053-44AA-9CC5-4FE151D44939}"
EndProject
Project("{2150E333-8FDC-42A3-9474-1A3956D46DE8}") = "3.Services", "3.Services", "{72C5DED6-4EC8-4211-B333-0D2261D36BFA}"
EndProject
Project("{2150E333-8FDC-42A3-9474-1A3956D46DE8}") = "4.Repository", "4.Repository", "{0244B9C3-8057-4576-A951-AF8B971B3B90}"
EndProject
Project("{2150E333-8FDC-42A3-9474-1A3956D46DE8}") = "5.Model", "5.Model", "{01C158C6-097C-47CC-8640-2BF116724CCF}"
EndProject
Project("{9A19103F-16F7-4668-BE54-9A1E7A4F7556}") = "OVR.Web", "OVR.Web\OVR.Web.csproj", "{FFC51205-7074-4BCA-913B-C301BEC7C79B}"
EndProject
Project("{9A19103F-16F7-4668-BE54-9A1E7A4F7556}") = "OVR.Common", "OVR.Common\OVR.Common.csproj", "{2AD219B3-7989-49AB-A048-AF5B266EAC9A}"
EndProject
Project("{9A19103F-16F7-4668-BE54-9A1E7A4F7556}") = "OVR.IServices", "OVR.IServices\OVR.IServices.csproj", "{42F35984-658E-465F-BBEE-02B714F4B9DF}"
EndProject
Project("{9A19103F-16F7-4668-BE54-9A1E7A4F7556}") = "OVR.Services", "OVR.Services\OVR.Services.csproj", "{76766A91-4A7C-48A6-BDC7-A68CE4628DF5}"
EndProject
Project("{9A19103F-16F7-4668-BE54-9A1E7A4F7556}") = "OVR.IRepository", "OVR.IRepository\OVR.IRepository.csproj", "{336C3FB6-AB02-490C-9B8A-10B343A8465C}"
EndProject
Project("{9A19103F-16F7-4668-BE54-9A1E7A4F7556}") = "OVR.Repository", "OVR.Repository\OVR.Repository.csproj", "{A0BA23B1-ADA5-41A7-AB02-D3B3A3F1C9FD}"
EndProject
Project("{9A19103F-16F7-4668-BE54-9A1E7A4F7556}") = "OVR.Model", "OVR.Model\OVR.Model.csproj", "{32B44E1B-0603-4ACE-8975-9855E56B8B2B}"
EndProject
Global
	GlobalSection(SolutionConfigurationPlatforms) = preSolution
		Debug|Any CPU = Debug|Any CPU
		Release|Any CPU = Release|Any CPU
	EndGlobalSection
	GlobalSection(ProjectConfigurationPlatforms) = postSolution
		{FFC51205-7074-4BCA-913B-C301BEC7C79B}.Debug|Any CPU.ActiveCfg = Debug|Any CPU
		{FFC51205-7074-4BCA-913B-C301BEC7C79B}.Debug|Any CPU.Build.0 = Debug|Any CPU
		{FFC51205-7074-4BCA-913B-C301BEC7C79B}.Release|Any CPU.ActiveCfg = Release|Any CPU
		{FFC51205-7074-4BCA-913B-C301BEC7C79B}.Release|Any CPU.Build.0 = Release|Any CPU
		{2AD219B3-7989-49AB-A048-AF5B266EAC9A}.Debug|Any CPU.ActiveCfg = Debug|Any CPU
		{2AD219B3-7989-49AB-A048-AF5B266EAC9A}.Debug|Any CPU.Build.0 = Debug|Any CPU
		{2AD219B3-7989-49AB-A048-AF5B266EAC9A}.Release|Any CPU.ActiveCfg = Release|Any CPU
		{2AD219B3-7989-49AB-A048-AF5B266EAC9A}.Release|Any CPU.Build.0 = Release|Any CPU
		{42F35984-658E-465F-BBEE-02B714F4B9DF}.Debug|Any CPU.ActiveCfg = Debug|Any CPU
		{42F35984-658E-465F-BBEE-02B714F4B9DF}.Debug|Any CPU.Build.0 = Debug|Any CPU
		{42F35984-658E-465F-BBEE-02B714F4B9DF}.Release|Any CPU.ActiveCfg = Release|Any CPU
		{42F35984-658E-465F-BBEE-02B714F4B9DF}.Release|Any CPU.Build.0 = Release|Any CPU
		{76766A91-4A7C-48A6-BDC7-A68CE4628DF5}.Debug|Any CPU.ActiveCfg = Debug|Any CPU
		{76766A91-4A7C-48A6-BDC7-A68CE4628DF5}.Debug|Any CPU.Build.0 = Debug|Any CPU
		{76766A91-4A7C-48A6-BDC7-A68CE4628DF5}.Release|Any CPU.ActiveCfg = Release|Any CPU
		{76766A91-4A7C-48A6-BDC7-A68CE4628DF5}.Release|Any CPU.Build.0 = Release|Any CPU
		{336C3FB6-AB02-490C-9B8A-10B343A8465C}.Debug|Any CPU.ActiveCfg = Debug|Any CPU
		{336C3FB6-AB02-490C-9B8A-10B343A8465C}.Debug|Any CPU.Build.0 = Debug|Any CPU
		{336C3FB6-AB02-490C-9B8A-10B343A8465C}.Release|Any CPU.ActiveCfg = Release|Any CPU
		{336C3FB6-AB02-490C-9B8A-10B343A8465C}.Release|Any CPU.Build.0 = Release|Any CPU
		{A0BA23B1-ADA5-41A7-AB02-D3B3A3F1C9FD}.Debug|Any CPU.ActiveCfg = Debug|Any CPU
		{A0BA23B1-ADA5-41A7-AB02-D3B3A3F1C9FD}.Debug|Any CPU.Build.0 = Debug|Any CPU
		{A0BA23B1-ADA5-41A7-AB02-D3B3A3F1C9FD}.Release|Any CPU.ActiveCfg = Release|Any CPU
		{A0BA23B1-ADA5-41A7-AB02-D3B3A3F1C9FD}.Release|Any CPU.Build.0 = Release|Any CPU
		{32B44E1B-0603-4ACE-8975-9855E56B8B2B}.Debug|Any CPU.ActiveCfg = Debug|Any CPU
		{32B44E1B-0603-4ACE-8975-9855E56B8B2B}.Debug|Any CPU.Build.0 = Debug|Any CPU
		{32B44E1B-0603-4ACE-8975-9855E56B8B2B}.Release|Any CPU.ActiveCfg = Release|Any CPU
		{32B44E1B-0603-4ACE-8975-9855E56B8B2B}.Release|Any CPU.Build.0 = Release|Any CPU
	EndGlobalSection
	GlobalSection(SolutionProperties) = preSolution
		HideSolutionNode = FALSE
	EndGlobalSection
	GlobalSection(NestedProjects) = preSolution
		{FFC51205-7074-4BCA-913B-C301BEC7C79B} = {73DF2249-95F8-4E7D-92B9-4683E01DCD07}
		{2AD219B3-7989-49AB-A048-AF5B266EAC9A} = {ABE54B04-9053-44AA-9CC5-4FE151D44939}
		{42F35984-658E-465F-BBEE-02B714F4B9DF} = {72C5DED6-4EC8-4211-B333-0D2261D36BFA}
		{76766A91-4A7C-48A6-BDC7-A68CE4628DF5} = {72C5DED6-4EC8-4211-B333-0D2261D36BFA}
		{336C3FB6-AB02-490C-9B8A-10B343A8465C} = {0244B9C3-8057-4576-A951-AF8B971B3B90}
		{A0BA23B1-ADA5-41A7-AB02-D3B3A3F1C9FD} = {0244B9C3-8057-4576-A951-AF8B971B3B90}
		{32B44E1B-0603-4ACE-8975-9855E56B8B2B} = {01C158C6-097C-47CC-8640-2BF116724CCF}
	EndGlobalSection
	GlobalSection(ExtensibilityGlobals) = postSolution
		SolutionGuid = {173C3C80-6352-49BC-B577-044F32399149}
	EndGlobalSection
EndGlobal
