
Microsoft Visual Studio Solution File, Format Version 12.00
# Visual Studio Version 16
VisualStudioVersion = 16.0.30225.117
MinimumVisualStudioVersion = 10.0.40219.1
Project("{9A19103F-16F7-4668-BE54-9A1E7A4F7556}") = "OVR", "OVR\OVR.csproj", "{6BCC6998-E609-4E77-9BFA-BD9F3352873D}"
EndProject
Project("{2150E333-8FDC-42A3-9474-1A3956D46DE8}") = "1.Common", "1.Common", "{5D716153-002E-4572-B4B2-3CBBA28B4DDB}"
EndProject
Project("{2150E333-8FDC-42A3-9474-1A3956D46DE8}") = "2.WebCore", "2.WebCore", "{1C6DD538-D71F-422E-87AB-4DD327CFEF94}"
EndProject
Project("{2150E333-8FDC-42A3-9474-1A3956D46DE8}") = "3.DbAccess", "3.DbAccess", "{4FECE693-EC62-4E6C-82ED-E932F69661A9}"
EndProject
Project("{2150E333-8FDC-42A3-9474-1A3956D46DE8}") = "4.Component", "4.Component", "{FD45D9F2-1011-4A45-A7D0-B4C1073B452E}"
EndProject
Project("{2150E333-8FDC-42A3-9474-1A3956D46DE8}") = "5.Model", "5.Model", "{EFE1E624-3691-4B5D-9C93-C0DBF039A206}"
EndProject
Project("{2150E333-8FDC-42A3-9474-1A3956D46DE8}") = "6.Business", "6.Business", "{D7CDB4B4-B8F0-42EC-BBEC-2770BA195885}"
EndProject
Project("{2150E333-8FDC-42A3-9474-1A3956D46DE8}") = "7.WebHost", "7.WebHost", "{08EA0218-296F-429A-B632-DE0B5B2072B3}"
EndProject
Project("{9A19103F-16F7-4668-BE54-9A1E7A4F7556}") = "OVR.Common", "OVR.Common\OVR.Common.csproj", "{46306D08-B4A4-46F5-9A4B-F2B869909B19}"
EndProject
Project("{9A19103F-16F7-4668-BE54-9A1E7A4F7556}") = "OVR.Entities", "OVR.Entities\OVR.Entities.csproj", "{82A7BCD3-C16E-406F-8032-4FFD4EEF700D}"
EndProject
Project("{9A19103F-16F7-4668-BE54-9A1E7A4F7556}") = "OVR.WebCore", "OVR.WebCore\OVR.WebCore.csproj", "{A2AB0834-C223-46BD-870F-E4DCB56C4785}"
EndProject
Project("{9A19103F-16F7-4668-BE54-9A1E7A4F7556}") = "OVR.UnitOfWork", "OVR.UnitOfWork\OVR.UnitOfWork.csproj", "{3ACBDC1F-D3AF-4C2D-A1AE-6F5E55A54D6D}"
EndProject
Project("{9A19103F-16F7-4668-BE54-9A1E7A4F7556}") = "OVR.DbContexts", "OVR.DbContexts\OVR.DbContexts.csproj", "{5B5E5B10-0F29-43B5-8C9C-90365275A857}"
EndProject
Project("{9A19103F-16F7-4668-BE54-9A1E7A4F7556}") = "OVR.Component", "OVR.Component\OVR.Component.csproj", "{939B22F1-446E-4E35-BAFD-468061494CE7}"
EndProject
Project("{9A19103F-16F7-4668-BE54-9A1E7A4F7556}") = "OVR.Models", "OVR.Models\OVR.Models.csproj", "{FB7BF0A5-D46D-4C5E-81F4-798BFC59036C}"
EndProject
Project("{9A19103F-16F7-4668-BE54-9A1E7A4F7556}") = "OVR.Services", "OVR.Services\OVR.Services.csproj", "{18DE866C-EF9C-455E-AE42-EA536E0AEC80}"
EndProject
Global
	GlobalSection(SolutionConfigurationPlatforms) = preSolution
		Debug|Any CPU = Debug|Any CPU
		Release|Any CPU = Release|Any CPU
	EndGlobalSection
	GlobalSection(ProjectConfigurationPlatforms) = postSolution
		{6BCC6998-E609-4E77-9BFA-BD9F3352873D}.Debug|Any CPU.ActiveCfg = Debug|Any CPU
		{6BCC6998-E609-4E77-9BFA-BD9F3352873D}.Debug|Any CPU.Build.0 = Debug|Any CPU
		{6BCC6998-E609-4E77-9BFA-BD9F3352873D}.Release|Any CPU.ActiveCfg = Release|Any CPU
		{6BCC6998-E609-4E77-9BFA-BD9F3352873D}.Release|Any CPU.Build.0 = Release|Any CPU
		{46306D08-B4A4-46F5-9A4B-F2B869909B19}.Debug|Any CPU.ActiveCfg = Debug|Any CPU
		{46306D08-B4A4-46F5-9A4B-F2B869909B19}.Debug|Any CPU.Build.0 = Debug|Any CPU
		{46306D08-B4A4-46F5-9A4B-F2B869909B19}.Release|Any CPU.ActiveCfg = Release|Any CPU
		{46306D08-B4A4-46F5-9A4B-F2B869909B19}.Release|Any CPU.Build.0 = Release|Any CPU
		{82A7BCD3-C16E-406F-8032-4FFD4EEF700D}.Debug|Any CPU.ActiveCfg = Debug|Any CPU
		{82A7BCD3-C16E-406F-8032-4FFD4EEF700D}.Debug|Any CPU.Build.0 = Debug|Any CPU
		{82A7BCD3-C16E-406F-8032-4FFD4EEF700D}.Release|Any CPU.ActiveCfg = Release|Any CPU
		{82A7BCD3-C16E-406F-8032-4FFD4EEF700D}.Release|Any CPU.Build.0 = Release|Any CPU
		{A2AB0834-C223-46BD-870F-E4DCB56C4785}.Debug|Any CPU.ActiveCfg = Debug|Any CPU
		{A2AB0834-C223-46BD-870F-E4DCB56C4785}.Debug|Any CPU.Build.0 = Debug|Any CPU
		{A2AB0834-C223-46BD-870F-E4DCB56C4785}.Release|Any CPU.ActiveCfg = Release|Any CPU
		{A2AB0834-C223-46BD-870F-E4DCB56C4785}.Release|Any CPU.Build.0 = Release|Any CPU
		{3ACBDC1F-D3AF-4C2D-A1AE-6F5E55A54D6D}.Debug|Any CPU.ActiveCfg = Debug|Any CPU
		{3ACBDC1F-D3AF-4C2D-A1AE-6F5E55A54D6D}.Debug|Any CPU.Build.0 = Debug|Any CPU
		{3ACBDC1F-D3AF-4C2D-A1AE-6F5E55A54D6D}.Release|Any CPU.ActiveCfg = Release|Any CPU
		{3ACBDC1F-D3AF-4C2D-A1AE-6F5E55A54D6D}.Release|Any CPU.Build.0 = Release|Any CPU
		{5B5E5B10-0F29-43B5-8C9C-90365275A857}.Debug|Any CPU.ActiveCfg = Debug|Any CPU
		{5B5E5B10-0F29-43B5-8C9C-90365275A857}.Debug|Any CPU.Build.0 = Debug|Any CPU
		{5B5E5B10-0F29-43B5-8C9C-90365275A857}.Release|Any CPU.ActiveCfg = Release|Any CPU
		{5B5E5B10-0F29-43B5-8C9C-90365275A857}.Release|Any CPU.Build.0 = Release|Any CPU
		{939B22F1-446E-4E35-BAFD-468061494CE7}.Debug|Any CPU.ActiveCfg = Debug|Any CPU
		{939B22F1-446E-4E35-BAFD-468061494CE7}.Debug|Any CPU.Build.0 = Debug|Any CPU
		{939B22F1-446E-4E35-BAFD-468061494CE7}.Release|Any CPU.ActiveCfg = Release|Any CPU
		{939B22F1-446E-4E35-BAFD-468061494CE7}.Release|Any CPU.Build.0 = Release|Any CPU
		{FB7BF0A5-D46D-4C5E-81F4-798BFC59036C}.Debug|Any CPU.ActiveCfg = Debug|Any CPU
		{FB7BF0A5-D46D-4C5E-81F4-798BFC59036C}.Debug|Any CPU.Build.0 = Debug|Any CPU
		{FB7BF0A5-D46D-4C5E-81F4-798BFC59036C}.Release|Any CPU.ActiveCfg = Release|Any CPU
		{FB7BF0A5-D46D-4C5E-81F4-798BFC59036C}.Release|Any CPU.Build.0 = Release|Any CPU
		{18DE866C-EF9C-455E-AE42-EA536E0AEC80}.Debug|Any CPU.ActiveCfg = Debug|Any CPU
		{18DE866C-EF9C-455E-AE42-EA536E0AEC80}.Debug|Any CPU.Build.0 = Debug|Any CPU
		{18DE866C-EF9C-455E-AE42-EA536E0AEC80}.Release|Any CPU.ActiveCfg = Release|Any CPU
		{18DE866C-EF9C-455E-AE42-EA536E0AEC80}.Release|Any CPU.Build.0 = Release|Any CPU
	EndGlobalSection
	GlobalSection(SolutionProperties) = preSolution
		HideSolutionNode = FALSE
	EndGlobalSection
	GlobalSection(NestedProjects) = preSolution
		{6BCC6998-E609-4E77-9BFA-BD9F3352873D} = {08EA0218-296F-429A-B632-DE0B5B2072B3}
		{46306D08-B4A4-46F5-9A4B-F2B869909B19} = {5D716153-002E-4572-B4B2-3CBBA28B4DDB}
		{82A7BCD3-C16E-406F-8032-4FFD4EEF700D} = {1C6DD538-D71F-422E-87AB-4DD327CFEF94}
		{A2AB0834-C223-46BD-870F-E4DCB56C4785} = {1C6DD538-D71F-422E-87AB-4DD327CFEF94}
		{3ACBDC1F-D3AF-4C2D-A1AE-6F5E55A54D6D} = {4FECE693-EC62-4E6C-82ED-E932F69661A9}
		{5B5E5B10-0F29-43B5-8C9C-90365275A857} = {4FECE693-EC62-4E6C-82ED-E932F69661A9}
		{939B22F1-446E-4E35-BAFD-468061494CE7} = {FD45D9F2-1011-4A45-A7D0-B4C1073B452E}
		{FB7BF0A5-D46D-4C5E-81F4-798BFC59036C} = {EFE1E624-3691-4B5D-9C93-C0DBF039A206}
		{18DE866C-EF9C-455E-AE42-EA536E0AEC80} = {D7CDB4B4-B8F0-42EC-BBEC-2770BA195885}
	EndGlobalSection
	GlobalSection(ExtensibilityGlobals) = postSolution
		SolutionGuid = {211F3F68-957C-4D88-9AF8-F2E60E4753C0}
	EndGlobalSection
EndGlobal
